
Microsoft Visual Studio Solution File, Format Version 12.00
# Visual Studio Version 17
VisualStudioVersion = 17.6.33815.320
MinimumVisualStudioVersion = 10.0.40219.1
Project("{FAE04EC0-301F-11D3-BF4B-00C04F79EFBC}") = "COeX_India1.2", "COeX_India1.2.csproj", "{8B125CBE-51BB-4981-963E-6054B2B633AD}"
EndProject
Global
	GlobalSection(SolutionConfigurationPlatforms) = preSolution
		Debug|Any CPU = Debug|Any CPU
		Release|Any CPU = Release|Any CPU
	EndGlobalSection
	GlobalSection(ProjectConfigurationPlatforms) = postSolution
		{8B125CBE-51BB-4981-963E-6054B2B633AD}.Debug|Any CPU.ActiveCfg = Debug|Any CPU
		{8B125CBE-51BB-4981-963E-6054B2B633AD}.Debug|Any CPU.Build.0 = Debug|Any CPU
		{8B125CBE-51BB-4981-963E-6054B2B633AD}.Release|Any CPU.ActiveCfg = Release|Any CPU
		{8B125CBE-51BB-4981-963E-6054B2B633AD}.Release|Any CPU.Build.0 = Release|Any CPU
	EndGlobalSection
	GlobalSection(SolutionProperties) = preSolution
		HideSolutionNode = FALSE
	EndGlobalSection
	GlobalSection(ExtensibilityGlobals) = postSolution
		SolutionGuid = {A158A83F-2FFE-4602-90CD-5E506AD380AE}
	EndGlobalSection
EndGlobal
